
Microsoft Visual Studio Solution File, Format Version 12.00
# Visual Studio Version 17
VisualStudioVersion = 17.9.34622.214
MinimumVisualStudioVersion = 10.0.40219.1
Project("{FAE04EC0-301F-11D3-BF4B-00C04F79EFBC}") = "ApiGateway", "ApiGateway\ApiGateway.csproj", "{33451C56-5D09-4F5F-85F9-8319BE4D8783}"
EndProject
Global
	GlobalSection(SolutionConfigurationPlatforms) = preSolution
		Debug|Any CPU = Debug|Any CPU
		Release|Any CPU = Release|Any CPU
	EndGlobalSection
	GlobalSection(ProjectConfigurationPlatforms) = postSolution
		{33451C56-5D09-4F5F-85F9-8319BE4D8783}.Debug|Any CPU.ActiveCfg = Debug|Any CPU
		{33451C56-5D09-4F5F-85F9-8319BE4D8783}.Debug|Any CPU.Build.0 = Debug|Any CPU
		{33451C56-5D09-4F5F-85F9-8319BE4D8783}.Release|Any CPU.ActiveCfg = Release|Any CPU
		{33451C56-5D09-4F5F-85F9-8319BE4D8783}.Release|Any CPU.Build.0 = Release|Any CPU
	EndGlobalSection
	GlobalSection(SolutionProperties) = preSolution
		HideSolutionNode = FALSE
	EndGlobalSection
	GlobalSection(ExtensibilityGlobals) = postSolution
		SolutionGuid = {496470F5-C12C-4BCF-AA8E-0899C805FA90}
	EndGlobalSection
EndGlobal
